{
  "nodes": {
    "muse-sounds-manager": {
      "inputs": {
        "nixpkgs": "nixpkgs"
      },
      "locked": {
        "lastModified": 1711493694,
        "narHash": "sha256-u6hPaeOUsV/d/kBNo1vlG6X0/gHvTkHfCECH9pjFnV8=",
        "owner": "thilobillerbeck",
        "repo": "muse-sounds-manager-nix",
        "rev": "06b0da28c54331d5af73efd2ebf264ce914e5936",
        "type": "github"
      },
      "original": {
        "owner": "thilobillerbeck",
        "repo": "muse-sounds-manager-nix",
        "type": "github"
      }
    },
    "nixos-hardware": {
      "locked": {
        "lastModified": 1718548414,
        "narHash": "sha256-1obyIuQPR/Kq1j5/i/5EuAfQrDwjYnjCDG8iLtXmBhQ=",
        "owner": "NixOS",
        "repo": "nixos-hardware",
        "rev": "cde8f7e11f036160b0fd6a9e07dc4c8e4061cf06",
        "type": "github"
      },
      "original": {
        "owner": "NixOS",
        "ref": "master",
        "repo": "nixos-hardware",
        "type": "github"
      }
    },
    "nixpkgs": {
      "locked": {
        "lastModified": 1711333969,
        "narHash": "sha256-5PiWGn10DQjMZee5NXzeA6ccsv60iLu+Xtw+mfvkUAs=",
        "owner": "NixOS",
        "repo": "nixpkgs",
        "rev": "57e6b3a9e4ebec5aa121188301f04a6b8c354c9b",
        "type": "github"
      },
      "original": {
        "id": "nixpkgs",
        "ref": "nixos-unstable",
        "type": "indirect"
      }
    },
    "nixpkgs_2": {
      "locked": {
        "lastModified": 1718437845,
        "narHash": "sha256-ZT7Oc1g4I4pHVGGjQFnewFVDRLH5cIZhEzODLz9YXeY=",
        "owner": "NixOS",
        "repo": "nixpkgs",
        "rev": "752c634c09ceb50c45e751f8791cb45cb3d46c9e",
        "type": "github"
      },
      "original": {
        "owner": "NixOS",
        "ref": "nixos-24.05",
        "repo": "nixpkgs",
        "type": "github"
      }
    },
    "root": {
      "inputs": {
        "muse-sounds-manager": "muse-sounds-manager",
        "nixos-hardware": "nixos-hardware",
        "nixpkgs": "nixpkgs_2"
      }
    }
  },
  "root": "root",
  "version": 7
}
